// !$*UTF8*$!
{
	archiveVersion = 1;
	classes = {
	};
	objectVersion = 50;
	objects = {

/* Begin PBXBuildFile section */
		3140755F7A2ABF17C11A568A /* Pods_ShootingApp.framework in Frameworks */ = {isa = PBXBuildFile; fileRef = DE1F3FA5D5B104C5AB5D70EE /* Pods_ShootingApp.framework */; };
		3A614644232A65D7006D4C88 /* 220px-Diopter_sight_picture.jpg in Resources */ = {isa = PBXBuildFile; fileRef = 3A614643232A65D7006D4C88 /* 220px-Diopter_sight_picture.jpg */; };
		3AD491E3230C22E400A5591A /* AppDelegate.swift in Sources */ = {isa = PBXBuildFile; fileRef = 3AD491E2230C22E400A5591A /* AppDelegate.swift */; };
		3AD491E8230C22E400A5591A /* Main.storyboard in Resources */ = {isa = PBXBuildFile; fileRef = 3AD491E6230C22E400A5591A /* Main.storyboard */; };
		3AD491EA230C22E600A5591A /* Assets.xcassets in Resources */ = {isa = PBXBuildFile; fileRef = 3AD491E9230C22E600A5591A /* Assets.xcassets */; };
		3AD491ED230C22E600A5591A /* LaunchScreen.storyboard in Resources */ = {isa = PBXBuildFile; fileRef = 3AD491EB230C22E600A5591A /* LaunchScreen.storyboard */; };
		3AD491F6230C363100A5591A /* StartViewController.swift in Sources */ = {isa = PBXBuildFile; fileRef = 3AD491F5230C363100A5591A /* StartViewController.swift */; };
		3AD491F8230C364600A5591A /* LoginViewController.swift in Sources */ = {isa = PBXBuildFile; fileRef = 3AD491F7230C364600A5591A /* LoginViewController.swift */; };
		3AD491FA230C365800A5591A /* SignUpViewController.swift in Sources */ = {isa = PBXBuildFile; fileRef = 3AD491F9230C365800A5591A /* SignUpViewController.swift */; };
		3AD491FC230C367500A5591A /* HomeViewController.swift in Sources */ = {isa = PBXBuildFile; fileRef = 3AD491FB230C367500A5591A /* HomeViewController.swift */; };
		3AD491FE230C43F500A5591A /* GoogleService-Info.plist in Resources */ = {isa = PBXBuildFile; fileRef = 3AD491FD230C43F500A5591A /* GoogleService-Info.plist */; };
		3AD49200230C488600A5591A /* logo.png in Resources */ = {isa = PBXBuildFile; fileRef = 3AD491FF230C488600A5591A /* logo.png */; };
		3AEC33022327D36B00AB034A /* NewScoreController.swift in Sources */ = {isa = PBXBuildFile; fileRef = 3AEC33012327D36B00AB034A /* NewScoreController.swift */; };
		3AEC33042327D38D00AB034A /* ScoreboardController.swift in Sources */ = {isa = PBXBuildFile; fileRef = 3AEC33032327D38D00AB034A /* ScoreboardController.swift */; };
/* End PBXBuildFile section */

/* Begin PBXFileReference section */
		12251E2F0FEC2166D50B9185 /* Pods-ShootingApp.debug.xcconfig */ = {isa = PBXFileReference; includeInIndex = 1; lastKnownFileType = text.xcconfig; name = "Pods-ShootingApp.debug.xcconfig"; path = "Target Support Files/Pods-ShootingApp/Pods-ShootingApp.debug.xcconfig"; sourceTree = "<group>"; };
		3A614643232A65D7006D4C88 /* 220px-Diopter_sight_picture.jpg */ = {isa = PBXFileReference; lastKnownFileType = image.jpeg; name = "220px-Diopter_sight_picture.jpg"; path = "../../../../Downloads/220px-Diopter_sight_picture.jpg"; sourceTree = "<group>"; };
		3AD491DF230C22E400A5591A /* ShootingApp.app */ = {isa = PBXFileReference; explicitFileType = wrapper.application; includeInIndex = 0; path = ShootingApp.app; sourceTree = BUILT_PRODUCTS_DIR; };
		3AD491E2230C22E400A5591A /* AppDelegate.swift */ = {isa = PBXFileReference; lastKnownFileType = sourcecode.swift; path = AppDelegate.swift; sourceTree = "<group>"; };
		3AD491E7230C22E400A5591A /* Base */ = {isa = PBXFileReference; lastKnownFileType = file.storyboard; name = Base; path = Base.lproj/Main.storyboard; sourceTree = "<group>"; };
		3AD491E9230C22E600A5591A /* Assets.xcassets */ = {isa = PBXFileReference; lastKnownFileType = folder.assetcatalog; path = Assets.xcassets; sourceTree = "<group>"; };
		3AD491EC230C22E600A5591A /* Base */ = {isa = PBXFileReference; lastKnownFileType = file.storyboard; name = Base; path = Base.lproj/LaunchScreen.storyboard; sourceTree = "<group>"; };
		3AD491EE230C22E600A5591A /* Info.plist */ = {isa = PBXFileReference; lastKnownFileType = text.plist.xml; path = Info.plist; sourceTree = "<group>"; };
		3AD491F4230C253700A5591A /* ShootingApp.entitlements */ = {isa = PBXFileReference; lastKnownFileType = text.plist.entitlements; path = ShootingApp.entitlements; sourceTree = "<group>"; };
		3AD491F5230C363100A5591A /* StartViewController.swift */ = {isa = PBXFileReference; lastKnownFileType = sourcecode.swift; path = StartViewController.swift; sourceTree = "<group>"; };
		3AD491F7230C364600A5591A /* LoginViewController.swift */ = {isa = PBXFileReference; lastKnownFileType = sourcecode.swift; path = LoginViewController.swift; sourceTree = "<group>"; };
		3AD491F9230C365800A5591A /* SignUpViewController.swift */ = {isa = PBXFileReference; lastKnownFileType = sourcecode.swift; path = SignUpViewController.swift; sourceTree = "<group>"; };
		3AD491FB230C367500A5591A /* HomeViewController.swift */ = {isa = PBXFileReference; lastKnownFileType = sourcecode.swift; path = HomeViewController.swift; sourceTree = "<group>"; };
		3AD491FD230C43F500A5591A /* GoogleService-Info.plist */ = {isa = PBXFileReference; fileEncoding = 4; lastKnownFileType = text.plist.xml; name = "GoogleService-Info.plist"; path = "../../../../Downloads/GoogleService-Info.plist"; sourceTree = "<group>"; };
		3AD491FF230C488600A5591A /* logo.png */ = {isa = PBXFileReference; lastKnownFileType = image.png; name = logo.png; path = ../../../../Downloads/logo.png; sourceTree = "<group>"; };
		3AEC33012327D36B00AB034A /* NewScoreController.swift */ = {isa = PBXFileReference; lastKnownFileType = sourcecode.swift; path = NewScoreController.swift; sourceTree = "<group>"; };
		3AEC33032327D38D00AB034A /* ScoreboardController.swift */ = {isa = PBXFileReference; lastKnownFileType = sourcecode.swift; path = ScoreboardController.swift; sourceTree = "<group>"; };
		459D6E7FDA1413132CA4BC06 /* Pods-ShootingApp.release.xcconfig */ = {isa = PBXFileReference; includeInIndex = 1; lastKnownFileType = text.xcconfig; name = "Pods-ShootingApp.release.xcconfig"; path = "Target Support Files/Pods-ShootingApp/Pods-ShootingApp.release.xcconfig"; sourceTree = "<group>"; };
		DE1F3FA5D5B104C5AB5D70EE /* Pods_ShootingApp.framework */ = {isa = PBXFileReference; explicitFileType = wrapper.framework; includeInIndex = 0; path = Pods_ShootingApp.framework; sourceTree = BUILT_PRODUCTS_DIR; };
/* End PBXFileReference section */

/* Begin PBXFrameworksBuildPhase section */
		3AD491DC230C22E400A5591A /* Frameworks */ = {
			isa = PBXFrameworksBuildPhase;
			buildActionMask = 2147483647;
			files = (
				3140755F7A2ABF17C11A568A /* Pods_ShootingApp.framework in Frameworks */,
			);
			runOnlyForDeploymentPostprocessing = 0;
		};
/* End PBXFrameworksBuildPhase section */

/* Begin PBXGroup section */
		00EDBD236FAD0F939ADBE39D /* Frameworks */ = {
			isa = PBXGroup;
			children = (
				DE1F3FA5D5B104C5AB5D70EE /* Pods_ShootingApp.framework */,
			);
			name = Frameworks;
			sourceTree = "<group>";
		};
		3AD491D6230C22E400A5591A = {
			isa = PBXGroup;
			children = (
				3AD491E1230C22E400A5591A /* ShootingApp */,
				3AD491E0230C22E400A5591A /* Products */,
				F28780363B039424D13D7268 /* Pods */,
				00EDBD236FAD0F939ADBE39D /* Frameworks */,
			);
			sourceTree = "<group>";
		};
		3AD491E0230C22E400A5591A /* Products */ = {
			isa = PBXGroup;
			children = (
				3AD491DF230C22E400A5591A /* ShootingApp.app */,
			);
			name = Products;
			sourceTree = "<group>";
		};
		3AD491E1230C22E400A5591A /* ShootingApp */ = {
			isa = PBXGroup;
			children = (
				3A614643232A65D7006D4C88 /* 220px-Diopter_sight_picture.jpg */,
				3AD491FD230C43F500A5591A /* GoogleService-Info.plist */,
				3AD491F5230C363100A5591A /* StartViewController.swift */,
				3AD491F9230C365800A5591A /* SignUpViewController.swift */,
				3AD491F7230C364600A5591A /* LoginViewController.swift */,
				3AD491FB230C367500A5591A /* HomeViewController.swift */,
				3AD491F4230C253700A5591A /* ShootingApp.entitlements */,
				3AD491E2230C22E400A5591A /* AppDelegate.swift */,
				3AD491E6230C22E400A5591A /* Main.storyboard */,
				3AD491E9230C22E600A5591A /* Assets.xcassets */,
				3AD491EB230C22E600A5591A /* LaunchScreen.storyboard */,
				3AD491EE230C22E600A5591A /* Info.plist */,
				3AD491FF230C488600A5591A /* logo.png */,
				3AEC33012327D36B00AB034A /* NewScoreController.swift */,
				3AEC33032327D38D00AB034A /* ScoreboardController.swift */,
			);
			path = ShootingApp;
			sourceTree = "<group>";
		};
		F28780363B039424D13D7268 /* Pods */ = {
			isa = PBXGroup;
			children = (
				12251E2F0FEC2166D50B9185 /* Pods-ShootingApp.debug.xcconfig */,
				459D6E7FDA1413132CA4BC06 /* Pods-ShootingApp.release.xcconfig */,
			);
			path = Pods;
			sourceTree = "<group>";
		};
/* End PBXGroup section */

/* Begin PBXNativeTarget section */
		3AD491DE230C22E400A5591A /* ShootingApp */ = {
			isa = PBXNativeTarget;
			buildConfigurationList = 3AD491F1230C22E600A5591A /* Build configuration list for PBXNativeTarget "ShootingApp" */;
			buildPhases = (
				DFB80968A9147B8716DFF493 /* [CP] Check Pods Manifest.lock */,
				3AD491DB230C22E400A5591A /* Sources */,
				3AD491DC230C22E400A5591A /* Frameworks */,
				3AD491DD230C22E400A5591A /* Resources */,
				9CB5F7DF9983C5D64D29E949 /* [CP] Embed Pods Frameworks */,
			);
			buildRules = (
			);
			dependencies = (
			);
			name = ShootingApp;
			productName = ShootingApp;
			productReference = 3AD491DF230C22E400A5591A /* ShootingApp.app */;
			productType = "com.apple.product-type.application";
		};
/* End PBXNativeTarget section */

/* Begin PBXProject section */
		3AD491D7230C22E400A5591A /* Project object */ = {
			isa = PBXProject;
			attributes = {
				LastSwiftUpdateCheck = 1030;
				LastUpgradeCheck = 1030;
				ORGANIZATIONNAME = "Marosevic d.o.o.";
				TargetAttributes = {
					3AD491DE230C22E400A5591A = {
						CreatedOnToolsVersion = 10.3;
						SystemCapabilities = {
							com.apple.Keychain = {
								enabled = 1;
							};
						};
					};
				};
			};
			buildConfigurationList = 3AD491DA230C22E400A5591A /* Build configuration list for PBXProject "ShootingApp" */;
			compatibilityVersion = "Xcode 9.3";
			developmentRegion = en;
			hasScannedForEncodings = 0;
			knownRegions = (
				en,
				Base,
			);
			mainGroup = 3AD491D6230C22E400A5591A;
			productRefGroup = 3AD491E0230C22E400A5591A /* Products */;
			projectDirPath = "";
			projectRoot = "";
			targets = (
				3AD491DE230C22E400A5591A /* ShootingApp */,
			);
		};
/* End PBXProject section */

/* Begin PBXResourcesBuildPhase section */
		3AD491DD230C22E400A5591A /* Resources */ = {
			isa = PBXResourcesBuildPhase;
			buildActionMask = 2147483647;
			files = (
				3AD491ED230C22E600A5591A /* LaunchScreen.storyboard in Resources */,
				3AD49200230C488600A5591A /* logo.png in Resources */,
				3AD491FE230C43F500A5591A /* GoogleService-Info.plist in Resources */,
				3AD491EA230C22E600A5591A /* Assets.xcassets in Resources */,
				3AD491E8230C22E400A5591A /* Main.storyboard in Resources */,
				3A614644232A65D7006D4C88 /* 220px-Diopter_sight_picture.jpg in Resources */,
			);
			runOnlyForDeploymentPostprocessing = 0;
		};
/* End PBXResourcesBuildPhase section */

/* Begin PBXShellScriptBuildPhase section */
		9CB5F7DF9983C5D64D29E949 /* [CP] Embed Pods Frameworks */ = {
			isa = PBXShellScriptBuildPhase;
			buildActionMask = 2147483647;
			files = (
			);
			inputFileListPaths = (
			);
			inputPaths = (
				"${PODS_ROOT}/Target Support Files/Pods-ShootingApp/Pods-ShootingApp-frameworks.sh",
				"${BUILT_PRODUCTS_DIR}/GTMSessionFetcher/GTMSessionFetcher.framework",
				"${BUILT_PRODUCTS_DIR}/GoogleUtilities/GoogleUtilities.framework",
				"${BUILT_PRODUCTS_DIR}/leveldb-library/leveldb.framework",
				"${BUILT_PRODUCTS_DIR}/nanopb/nanopb.framework",
			);
			name = "[CP] Embed Pods Frameworks";
			outputFileListPaths = (
			);
			outputPaths = (
				"${TARGET_BUILD_DIR}/${FRAMEWORKS_FOLDER_PATH}/GTMSessionFetcher.framework",
				"${TARGET_BUILD_DIR}/${FRAMEWORKS_FOLDER_PATH}/GoogleUtilities.framework",
				"${TARGET_BUILD_DIR}/${FRAMEWORKS_FOLDER_PATH}/leveldb.framework",
				"${TARGET_BUILD_DIR}/${FRAMEWORKS_FOLDER_PATH}/nanopb.framework",
			);
			runOnlyForDeploymentPostprocessing = 0;
			shellPath = /bin/sh;
			shellScript = "\"${PODS_ROOT}/Target Support Files/Pods-ShootingApp/Pods-ShootingApp-frameworks.sh\"\n";
			showEnvVarsInLog = 0;
		};
		DFB80968A9147B8716DFF493 /* [CP] Check Pods Manifest.lock */ = {
			isa = PBXShellScriptBuildPhase;
			buildActionMask = 2147483647;
			files = (
			);
			inputFileListPaths = (
			);
			inputPaths = (
				"${PODS_PODFILE_DIR_PATH}/Podfile.lock",
				"${PODS_ROOT}/Manifest.lock",
			);
			name = "[CP] Check Pods Manifest.lock";
			outputFileListPaths = (
			);
			outputPaths = (
				"$(DERIVED_FILE_DIR)/Pods-ShootingApp-checkManifestLockResult.txt",
			);
			runOnlyForDeploymentPostprocessing = 0;
			shellPath = /bin/sh;
			shellScript = "diff \"${PODS_PODFILE_DIR_PATH}/Podfile.lock\" \"${PODS_ROOT}/Manifest.lock\" > /dev/null\nif [ $? != 0 ] ; then\n    # print error to STDERR\n    echo \"error: The sandbox is not in sync with the Podfile.lock. Run 'pod install' or update your CocoaPods installation.\" >&2\n    exit 1\nfi\n# This output is used by Xcode 'outputs' to avoid re-running this script phase.\necho \"SUCCESS\" > \"${SCRIPT_OUTPUT_FILE_0}\"\n";
			showEnvVarsInLog = 0;
		};
/* End PBXShellScriptBuildPhase section */

/* Begin PBXSourcesBuildPhase section */
		3AD491DB230C22E400A5591A /* Sources */ = {
			isa = PBXSourcesBuildPhase;
			buildActionMask = 2147483647;
			files = (
				3AD491FC230C367500A5591A /* HomeViewController.swift in Sources */,
				3AD491F8230C364600A5591A /* LoginViewController.swift in Sources */,
				3AD491E3230C22E400A5591A /* AppDelegate.swift in Sources */,
				3AD491FA230C365800A5591A /* SignUpViewController.swift in Sources */,
				3AD491F6230C363100A5591A /* StartViewController.swift in Sources */,
				3AEC33042327D38D00AB034A /* ScoreboardController.swift in Sources */,
				3AEC33022327D36B00AB034A /* NewScoreController.swift in Sources */,
			);
			runOnlyForDeploymentPostprocessing = 0;
		};
/* End PBXSourcesBuildPhase section */

/* Begin PBXVariantGroup section */
		3AD491E6230C22E400A5591A /* Main.storyboard */ = {
			isa = PBXVariantGroup;
			children = (
				3AD491E7230C22E400A5591A /* Base */,
			);
			name = Main.storyboard;
			sourceTree = "<group>";
		};
		3AD491EB230C22E600A5591A /* LaunchScreen.storyboard */ = {
			isa = PBXVariantGroup;
			children = (
				3AD491EC230C22E600A5591A /* Base */,
			);
			name = LaunchScreen.storyboard;
			sourceTree = "<group>";
		};
/* End PBXVariantGroup section */

/* Begin XCBuildConfiguration section */
		3AD491EF230C22E600A5591A /* Debug */ = {
			isa = XCBuildConfiguration;
			buildSettings = {
				ALWAYS_SEARCH_USER_PATHS = NO;
				CLANG_ANALYZER_NONNULL = YES;
				CLANG_ANALYZER_NUMBER_OBJECT_CONVERSION = YES_AGGRESSIVE;
				CLANG_CXX_LANGUAGE_STANDARD = "gnu++14";
				CLANG_CXX_LIBRARY = "libc++";
				CLANG_ENABLE_MODULES = YES;
				CLANG_ENABLE_OBJC_ARC = YES;
				CLANG_ENABLE_OBJC_WEAK = YES;
				CLANG_WARN_BLOCK_CAPTURE_AUTORELEASING = YES;
				CLANG_WARN_BOOL_CONVERSION = YES;
				CLANG_WARN_COMMA = YES;
				CLANG_WARN_CONSTANT_CONVERSION = YES;
				CLANG_WARN_DEPRECATED_OBJC_IMPLEMENTATIONS = YES;
				CLANG_WARN_DIRECT_OBJC_ISA_USAGE = YES_ERROR;
				CLANG_WARN_DOCUMENTATION_COMMENTS = YES;
				CLANG_WARN_EMPTY_BODY = YES;
				CLANG_WARN_ENUM_CONVERSION = YES;
				CLANG_WARN_INFINITE_RECURSION = YES;
				CLANG_WARN_INT_CONVERSION = YES;
				CLANG_WARN_NON_LITERAL_NULL_CONVERSION = YES;
				CLANG_WARN_OBJC_IMPLICIT_RETAIN_SELF = YES;
				CLANG_WARN_OBJC_LITERAL_CONVERSION = YES;
				CLANG_WARN_OBJC_ROOT_CLASS = YES_ERROR;
				CLANG_WARN_RANGE_LOOP_ANALYSIS = YES;
				CLANG_WARN_STRICT_PROTOTYPES = YES;
				CLANG_WARN_SUSPICIOUS_MOVE = YES;
				CLANG_WARN_UNGUARDED_AVAILABILITY = YES_AGGRESSIVE;
				CLANG_WARN_UNREACHABLE_CODE = YES;
				CLANG_WARN__DUPLICATE_METHOD_MATCH = YES;
				CODE_SIGN_IDENTITY = "iPhone Developer";
				COPY_PHASE_STRIP = NO;
				DEBUG_INFORMATION_FORMAT = dwarf;
				ENABLE_STRICT_OBJC_MSGSEND = YES;
				ENABLE_TESTABILITY = YES;
				GCC_C_LANGUAGE_STANDARD = gnu11;
				GCC_DYNAMIC_NO_PIC = NO;
				GCC_NO_COMMON_BLOCKS = YES;
				GCC_OPTIMIZATION_LEVEL = 0;
				GCC_PREPROCESSOR_DEFINITIONS = (
					"DEBUG=1",
					"$(inherited)",
				);
				GCC_WARN_64_TO_32_BIT_CONVERSION = YES;
				GCC_WARN_ABOUT_RETURN_TYPE = YES_ERROR;
				GCC_WARN_UNDECLARED_SELECTOR = YES;
				GCC_WARN_UNINITIALIZED_AUTOS = YES_AGGRESSIVE;
				GCC_WARN_UNUSED_FUNCTION = YES;
				GCC_WARN_UNUSED_VARIABLE = YES;
				IPHONEOS_DEPLOYMENT_TARGET = 12.4;
				MTL_ENABLE_DEBUG_INFO = INCLUDE_SOURCE;
				MTL_FAST_MATH = YES;
				ONLY_ACTIVE_ARCH = YES;
				SDKROOT = iphoneos;
				SWIFT_ACTIVE_COMPILATION_CONDITIONS = DEBUG;
				SWIFT_OPTIMIZATION_LEVEL = "-Onone";
			};
			name = Debug;
		};
		3AD491F0230C22E600A5591A /* Release */ = {
			isa = XCBuildConfiguration;
			buildSettings = {
				ALWAYS_SEARCH_USER_PATHS = NO;
				CLANG_ANALYZER_NONNULL = YES;
				CLANG_ANALYZER_NUMBER_OBJECT_CONVERSION = YES_AGGRESSIVE;
				CLANG_CXX_LANGUAGE_STANDARD = "gnu++14";
				CLANG_CXX_LIBRARY = "libc++";
				CLANG_ENABLE_MODULES = YES;
				CLANG_ENABLE_OBJC_ARC = YES;
				CLANG_ENABLE_OBJC_WEAK = YES;
				CLANG_WARN_BLOCK_CAPTURE_AUTORELEASING = YES;
				CLANG_WARN_BOOL_CONVERSION = YES;
				CLANG_WARN_COMMA = YES;
				CLANG_WARN_CONSTANT_CONVERSION = YES;
				CLANG_WARN_DEPRECATED_OBJC_IMPLEMENTATIONS = YES;
				CLANG_WARN_DIRECT_OBJC_ISA_USAGE = YES_ERROR;
				CLANG_WARN_DOCUMENTATION_COMMENTS = YES;
				CLANG_WARN_EMPTY_BODY = YES;
				CLANG_WARN_ENUM_CONVERSION = YES;
				CLANG_WARN_INFINITE_RECURSION = YES;
				CLANG_WARN_INT_CONVERSION = YES;
				CLANG_WARN_NON_LITERAL_NULL_CONVERSION = YES;
				CLANG_WARN_OBJC_IMPLICIT_RETAIN_SELF = YES;
				CLANG_WARN_OBJC_LITERAL_CONVERSION = YES;
				CLANG_WARN_OBJC_ROOT_CLASS = YES_ERROR;
				CLANG_WARN_RANGE_LOOP_ANALYSIS = YES;
				CLANG_WARN_STRICT_PROTOTYPES = YES;
				CLANG_WARN_SUSPICIOUS_MOVE = YES;
				CLANG_WARN_UNGUARDED_AVAILABILITY = YES_AGGRESSIVE;
				CLANG_WARN_UNREACHABLE_CODE = YES;
				CLANG_WARN__DUPLICATE_METHOD_MATCH = YES;
				CODE_SIGN_IDENTITY = "iPhone Developer";
				COPY_PHASE_STRIP = NO;
				DEBUG_INFORMATION_FORMAT = "dwarf-with-dsym";
				ENABLE_NS_ASSERTIONS = NO;
				ENABLE_STRICT_OBJC_MSGSEND = YES;
				GCC_C_LANGUAGE_STANDARD = gnu11;
				GCC_NO_COMMON_BLOCKS = YES;
				GCC_WARN_64_TO_32_BIT_CONVERSION = YES;
				GCC_WARN_ABOUT_RETURN_TYPE = YES_ERROR;
				GCC_WARN_UNDECLARED_SELECTOR = YES;
				GCC_WARN_UNINITIALIZED_AUTOS = YES_AGGRESSIVE;
				GCC_WARN_UNUSED_FUNCTION = YES;
				GCC_WARN_UNUSED_VARIABLE = YES;
				IPHONEOS_DEPLOYMENT_TARGET = 12.4;
				MTL_ENABLE_DEBUG_INFO = NO;
				MTL_FAST_MATH = YES;
				SDKROOT = iphoneos;
				SWIFT_COMPILATION_MODE = wholemodule;
				SWIFT_OPTIMIZATION_LEVEL = "-O";
				VALIDATE_PRODUCT = YES;
			};
			name = Release;
		};
		3AD491F2230C22E600A5591A /* Debug */ = {
			isa = XCBuildConfiguration;
			baseConfigurationReference = 12251E2F0FEC2166D50B9185 /* Pods-ShootingApp.debug.xcconfig */;
			buildSettings = {
				ASSETCATALOG_COMPILER_APPICON_NAME = AppIcon;
				CODE_SIGN_ENTITLEMENTS = ShootingApp/ShootingApp.entitlements;
				CODE_SIGN_STYLE = Automatic;
				DEVELOPMENT_TEAM = 4JZ4APR6G5;
				INFOPLIST_FILE = ShootingApp/Info.plist;
				LD_RUNPATH_SEARCH_PATHS = (
					"$(inherited)",
					"@executable_path/Frameworks",
				);
				PRODUCT_BUNDLE_IDENTIFIER = hr.marosevic.ShootingApp;
				PRODUCT_NAME = "$(TARGET_NAME)";
				SWIFT_VERSION = 5.0;
				TARGETED_DEVICE_FAMILY = "1,2";
			};
			name = Debug;
		};
		3AD491F3230C22E600A5591A /* Release */ = {
			isa = XCBuildConfiguration;
			baseConfigurationReference = 459D6E7FDA1413132CA4BC06 /* Pods-ShootingApp.release.xcconfig */;
			buildSettings = {
				ASSETCATALOG_COMPILER_APPICON_NAME = AppIcon;
				CODE_SIGN_ENTITLEMENTS = ShootingApp/ShootingApp.entitlements;
				CODE_SIGN_STYLE = Automatic;
				DEVELOPMENT_TEAM = 4JZ4APR6G5;
				INFOPLIST_FILE = ShootingApp/Info.plist;
				LD_RUNPATH_SEARCH_PATHS = (
					"$(inherited)",
					"@executable_path/Frameworks",
				);
				PRODUCT_BUNDLE_IDENTIFIER = hr.marosevic.ShootingApp;
				PRODUCT_NAME = "$(TARGET_NAME)";
				SWIFT_VERSION = 5.0;
				TARGETED_DEVICE_FAMILY = "1,2";
			};
			name = Release;
		};
/* End XCBuildConfiguration section */

/* Begin XCConfigurationList section */
		3AD491DA230C22E400A5591A /* Build configuration list for PBXProject "ShootingApp" */ = {
			isa = XCConfigurationList;
			buildConfigurations = (
				3AD491EF230C22E600A5591A /* Debug */,
				3AD491F0230C22E600A5591A /* Release */,
			);
			defaultConfigurationIsVisible = 0;
			defaultConfigurationName = Release;
		};
		3AD491F1230C22E600A5591A /* Build configuration list for PBXNativeTarget "ShootingApp" */ = {
			isa = XCConfigurationList;
			buildConfigurations = (
				3AD491F2230C22E600A5591A /* Debug */,
				3AD491F3230C22E600A5591A /* Release */,
			);
			defaultConfigurationIsVisible = 0;
			defaultConfigurationName = Release;
		};
/* End XCConfigurationList section */
	};
	rootObject = 3AD491D7230C22E400A5591A /* Project object */;
}
